{
  "lockfileVersion": 2,
  "configVersion": 0,
  "workspaces": {
    "": {
      "name": "codex-price-compare",
      "dependencies": {
        "playwright": "^1.60.0",
        "qrcode-generator": "^2.0.4",
      },
      "devDependencies": {
        "@types/bun": "^1.4.2",
      },
    },
  },
  "packages": {
    "@types/bun": ["@types/bun@1.4.2", "http://192.168.50.39:10002/@types/bun/-/bun-1.4.2.tgz", { "dependencies": { "bun-types": "1.4.2" } }, "sha512-GimotNn7+ZV0uVArItBbriZsR1oNf0+WTzPkdcFrzShI7k2norL0uzEaJT8T33dWr7O/c9ZDuAFQrctKCi72oQ=="],

    "@types/node": ["@types/node@26.6.3", "http://192.168.50.39:10002/@types/node/-/node-26.6.3.tgz", { "dependencies": { "undici-types": "~8.9.0" } }, "sha512-dsqMQQoeTLqu9wynDD00q573mNzso3IdQOAfHRJqLCcmCFPoGo9A1bDpUcv/9tnKpErQWv9uKeGfl37EIS02Yg=="],

    "bun-types": ["bun-types@1.4.2", "http://192.168.50.39:10002/bun-types/-/bun-types-1.4.2.tgz", { "dependencies": { "@types/node": "*" } }, "sha512-bxV1FgK7yBIzjRe5zBozIM4Bem11ZJcCXSrjWRG3YWLt8yFDePu4cLjpebO8OvPeIE9trbyPF4fuj3Cia4Fj3w=="],

    "fsevents": ["fsevents@2.3.2", "http://192.168.50.39:10002/fsevents/-/fsevents-2.3.2.tgz", { "os": "darwin" }, "sha512-xiqMQR4xAeHTuB9uWm+fFRcIOgKBMiOBP+eXiyT7jsgVCq1bkVygt00oASowB7EdtpOHaaPgKt812P9ab+DDKA=="],

    "playwright": ["playwright@1.60.0", "http://192.168.50.39:10002/playwright/-/playwright-1.60.0.tgz", { "dependencies": { "playwright-core": "1.60.0" }, "optionalDependencies": { "fsevents": "2.3.2" }, "bin": "cli.js" }, "sha512-hheHdokM8cdqCb0lcE3s+zT4t4W+vvjpGxsZlDnikarzx8tSzMebh3UiFtgqwFwnTnjYQcsyMF8ei2mCO/tpeA=="],

    "playwright-core": ["playwright-core@1.60.0", "http://192.168.50.39:10002/playwright-core/-/playwright-core-1.60.0.tgz", { "bin": "cli.js" }, "sha512-9bW6zvX/m0lEbgTKJ6YppOKx8H3VOPBMOCFh2irXFOT4BbHgrx5hPjwJYLT40Lu+4qtD36qKc/Hn56StUW57IA=="],

    "qrcode-generator": ["qrcode-generator@2.0.4", "http://192.168.50.39:10002/qrcode-generator/-/qrcode-generator-2.0.4.tgz", {}, "sha512-mZSiP6RnbHl4xL2Ap5HfkjLnmxfKcPWpWe/c+5XxCuetEenqmNFf1FH/ftXPCtFG5/TDobjsjz6sSNL0Sr8Z9g=="],

    "undici-types": ["undici-types@8.9.0", "http://192.168.50.39:10002/undici-types/-/undici-types-8.9.0.tgz", {}, "sha512-KTDyRTYX8sWmKXAikPHHSyc63CRPETMctyjKFupcC6OBLXT3xsN0e9aF7m+mIXutFWpUXuedtowG7iLOzp0kQg=="],
  }
}
